
Microsoft Visual Studio Solution File, Format Version 12.00
# Visual Studio Version 16
VisualStudioVersion = 16.0.29613.14
MinimumVisualStudioVersion = 10.0.40219.1
Project("{9A19103F-16F7-4668-BE54-9A1E7A4F7556}") = "PaSharperExtension", "PaSharperExtension\PaSharperExtension.csproj", "{9BDA7A7A-02C4-4526-9593-6A898F55B23B}"
EndProject
Project("{9A19103F-16F7-4668-BE54-9A1E7A4F7556}") = "PaSharperExtension.Tests", "PaSharperExtension.Tests\PaSharperExtension.Tests.csproj", "{19135A5C-1245-43AE-A567-EC18F5310A60}"
EndProject
Global
	GlobalSection(SolutionConfigurationPlatforms) = preSolution
		Debug|x86 = Debug|x86
		Release|x86 = Release|x86
	EndGlobalSection
	GlobalSection(ProjectConfigurationPlatforms) = postSolution
		{9BDA7A7A-02C4-4526-9593-6A898F55B23B}.Debug|x86.ActiveCfg = Debug|x86
		{9BDA7A7A-02C4-4526-9593-6A898F55B23B}.Debug|x86.Build.0 = Debug|x86
		{9BDA7A7A-02C4-4526-9593-6A898F55B23B}.Release|x86.ActiveCfg = Release|x86
		{9BDA7A7A-02C4-4526-9593-6A898F55B23B}.Release|x86.Build.0 = Release|x86
		{19135A5C-1245-43AE-A567-EC18F5310A60}.Debug|x86.ActiveCfg = Debug|x86
		{19135A5C-1245-43AE-A567-EC18F5310A60}.Debug|x86.Build.0 = Debug|x86
		{19135A5C-1245-43AE-A567-EC18F5310A60}.Release|x86.ActiveCfg = Release|x86
		{19135A5C-1245-43AE-A567-EC18F5310A60}.Release|x86.Build.0 = Release|x86
	EndGlobalSection
	GlobalSection(SolutionProperties) = preSolution
		HideSolutionNode = FALSE
	EndGlobalSection
	GlobalSection(ExtensibilityGlobals) = postSolution
		SolutionGuid = {F8D1945D-CF45-40E5-A97C-DE1168953FEB}
	EndGlobalSection
EndGlobal
